
Microsoft Visual Studio Solution File, Format Version 12.00
# Visual Studio Version 17
VisualStudioVersion = 17.11.35219.272
MinimumVisualStudioVersion = 10.0.40219.1
Project("{FAE04EC0-301F-11D3-BF4B-00C04F79EFBC}") = "Tarea2_BD1", "Tarea2_BD1\Tarea2_BD1.csproj", "{6E8DF388-AAC4-4C72-A058-66D1A45B11CD}"
EndProject
Global
	GlobalSection(SolutionConfigurationPlatforms) = preSolution
		Debug|Any CPU = Debug|Any CPU
		Release|Any CPU = Release|Any CPU
	EndGlobalSection
	GlobalSection(ProjectConfigurationPlatforms) = postSolution
		{6E8DF388-AAC4-4C72-A058-66D1A45B11CD}.Debug|Any CPU.ActiveCfg = Debug|Any CPU
		{6E8DF388-AAC4-4C72-A058-66D1A45B11CD}.Debug|Any CPU.Build.0 = Debug|Any CPU
		{6E8DF388-AAC4-4C72-A058-66D1A45B11CD}.Release|Any CPU.ActiveCfg = Release|Any CPU
		{6E8DF388-AAC4-4C72-A058-66D1A45B11CD}.Release|Any CPU.Build.0 = Release|Any CPU
	EndGlobalSection
	GlobalSection(SolutionProperties) = preSolution
		HideSolutionNode = FALSE
	EndGlobalSection
	GlobalSection(ExtensibilityGlobals) = postSolution
		SolutionGuid = {44A1E580-5C57-46B8-8AB9-C3C06F63B071}
	EndGlobalSection
EndGlobal
